
Microsoft Visual Studio Solution File, Format Version 12.00
# Visual Studio 15
VisualStudioVersion = 15.0.26730.12
MinimumVisualStudioVersion = 10.0.40219.1
Project("{FAE04EC0-301F-11D3-BF4B-00C04F79EFBC}") = "Suice", "Suice\Suice.csproj", "{3358D6DD-8A74-48ED-86DE-541C2778FAEC}"
EndProject
Project("{FAE04EC0-301F-11D3-BF4B-00C04F79EFBC}") = "Suice.Tests", "Suice.Tests\Suice.Tests.csproj", "{DF5D67BE-E3EA-4928-BA9A-B2832D4039C4}"
EndProject
Global
	GlobalSection(SolutionConfigurationPlatforms) = preSolution
		Debug|Any CPU = Debug|Any CPU
		Release|Any CPU = Release|Any CPU
	EndGlobalSection
	GlobalSection(ProjectConfigurationPlatforms) = postSolution
		{3358D6DD-8A74-48ED-86DE-541C2778FAEC}.Debug|Any CPU.ActiveCfg = Debug|Any CPU
		{3358D6DD-8A74-48ED-86DE-541C2778FAEC}.Debug|Any CPU.Build.0 = Debug|Any CPU
		{3358D6DD-8A74-48ED-86DE-541C2778FAEC}.Release|Any CPU.ActiveCfg = Release|Any CPU
		{3358D6DD-8A74-48ED-86DE-541C2778FAEC}.Release|Any CPU.Build.0 = Release|Any CPU
		{DF5D67BE-E3EA-4928-BA9A-B2832D4039C4}.Debug|Any CPU.ActiveCfg = Debug|Any CPU
		{DF5D67BE-E3EA-4928-BA9A-B2832D4039C4}.Debug|Any CPU.Build.0 = Debug|Any CPU
		{DF5D67BE-E3EA-4928-BA9A-B2832D4039C4}.Release|Any CPU.ActiveCfg = Release|Any CPU
		{DF5D67BE-E3EA-4928-BA9A-B2832D4039C4}.Release|Any CPU.Build.0 = Release|Any CPU
	EndGlobalSection
	GlobalSection(SolutionProperties) = preSolution
		HideSolutionNode = FALSE
	EndGlobalSection
	GlobalSection(ExtensibilityGlobals) = postSolution
		SolutionGuid = {148B2543-3F33-4724-A1F6-E2613D5A44C4}
	EndGlobalSection
EndGlobal
